
Microsoft Visual Studio Solution File, Format Version 12.00
# Visual Studio Version 17
VisualStudioVersion = 17.0.32126.317
MinimumVisualStudioVersion = 10.0.40219.1
Project("{FAE04EC0-301F-11D3-BF4B-00C04F79EFBC}") = "szachy", "szachy\szachy.csproj", "{3AA72B4D-CD16-46FA-BAF4-C12B2D8045D1}"
EndProject
Global
	GlobalSection(SolutionConfigurationPlatforms) = preSolution
		Debug|Any CPU = Debug|Any CPU
		Release|Any CPU = Release|Any CPU
	EndGlobalSection
	GlobalSection(ProjectConfigurationPlatforms) = postSolution
		{3AA72B4D-CD16-46FA-BAF4-C12B2D8045D1}.Debug|Any CPU.ActiveCfg = Debug|Any CPU
		{3AA72B4D-CD16-46FA-BAF4-C12B2D8045D1}.Debug|Any CPU.Build.0 = Debug|Any CPU
		{3AA72B4D-CD16-46FA-BAF4-C12B2D8045D1}.Release|Any CPU.ActiveCfg = Release|Any CPU
		{3AA72B4D-CD16-46FA-BAF4-C12B2D8045D1}.Release|Any CPU.Build.0 = Release|Any CPU
	EndGlobalSection
	GlobalSection(SolutionProperties) = preSolution
		HideSolutionNode = FALSE
	EndGlobalSection
	GlobalSection(ExtensibilityGlobals) = postSolution
		SolutionGuid = {CF7FF5A8-427B-457C-AD12-5A0F72DD26D8}
	EndGlobalSection
EndGlobal
